// !$*UTF8*$!
{
	archiveVersion = 1;
	classes = {
	};
	objectVersion = 55;
	objects = {

/* Begin PBXBuildFile section */
		148E0F77C373DA294A0C3032 /* Pods_TwitterLite.framework in Frameworks */ = {isa = PBXBuildFile; fileRef = 20A4BE888675F76C033505F2 /* Pods_TwitterLite.framework */; };
		1F083DD1286E3EEB00B98D69 /* RingProgressView.swift in Sources */ = {isa = PBXBuildFile; fileRef = 1F083DD0286E3EEB00B98D69 /* RingProgressView.swift */; };
		1F083DD3286E4CFD00B98D69 /* NewTweetViewModel.swift in Sources */ = {isa = PBXBuildFile; fileRef = 1F083DD2286E4CFD00B98D69 /* NewTweetViewModel.swift */; };
		1F083DD7286F694600B98D69 /* PhotoGalleryView.swift in Sources */ = {isa = PBXBuildFile; fileRef = 1F083DD6286F694600B98D69 /* PhotoGalleryView.swift */; };
		1F083DD9286F695000B98D69 /* PhotoGalleryView.xib in Resources */ = {isa = PBXBuildFile; fileRef = 1F083DD8286F695000B98D69 /* PhotoGalleryView.xib */; };
		1F083DDC286F6CEC00B98D69 /* PhotoFrameCollectionViewCell.swift in Sources */ = {isa = PBXBuildFile; fileRef = 1F083DDA286F6CEC00B98D69 /* PhotoFrameCollectionViewCell.swift */; };
		1F083DDD286F6CEC00B98D69 /* PhotoFrameCollectionViewCell.xib in Resources */ = {isa = PBXBuildFile; fileRef = 1F083DDB286F6CEC00B98D69 /* PhotoFrameCollectionViewCell.xib */; };
		1F083DDF286F6EED00B98D69 /* UICollectionViewExtension.swift in Sources */ = {isa = PBXBuildFile; fileRef = 1F083DDE286F6EED00B98D69 /* UICollectionViewExtension.swift */; };
		1F084847286B783800ABC599 /* ActivityIndicatorView.swift in Sources */ = {isa = PBXBuildFile; fileRef = 1F084846286B783800ABC599 /* ActivityIndicatorView.swift */; };
		1F084849286B783F00ABC599 /* ActivityIndicatorView.xib in Resources */ = {isa = PBXBuildFile; fileRef = 1F084848286B783F00ABC599 /* ActivityIndicatorView.xib */; };
		1F0FFC75287032F000B54A00 /* RoundedButton.swift in Sources */ = {isa = PBXBuildFile; fileRef = 1F0FFC74287032F000B54A00 /* RoundedButton.swift */; };
		1F0FFC772870530600B54A00 /* BaseTweetModel.swift in Sources */ = {isa = PBXBuildFile; fileRef = 1F0FFC762870530600B54A00 /* BaseTweetModel.swift */; };
		1F0FFC7928705B7A00B54A00 /* ImageWrapper.swift in Sources */ = {isa = PBXBuildFile; fileRef = 1F0FFC7828705B7A00B54A00 /* ImageWrapper.swift */; };
		1F1C686028733ACC00F348C2 /* UserEndPoint.swift in Sources */ = {isa = PBXBuildFile; fileRef = 1F1C685F28733ACC00F348C2 /* UserEndPoint.swift */; };
		1F1C68622873529E00F348C2 /* TweetEndPoint.swift in Sources */ = {isa = PBXBuildFile; fileRef = 1F1C68612873529E00F348C2 /* TweetEndPoint.swift */; };
		1F281B6F286A268F0050365F /* FirebaseDatabaseManager.swift in Sources */ = {isa = PBXBuildFile; fileRef = 1F281B6E286A268F0050365F /* FirebaseDatabaseManager.swift */; };
		1F35531428762D5D00106AC7 /* UIDeviceExtension.swift in Sources */ = {isa = PBXBuildFile; fileRef = 1F35531328762D5D00106AC7 /* UIDeviceExtension.swift */; };
		1F39F8B82871ECCB00EB8B47 /* DateExtension.swift in Sources */ = {isa = PBXBuildFile; fileRef = 1F39F8B72871ECCB00EB8B47 /* DateExtension.swift */; };
		1F39F8BA28720EDB00EB8B47 /* PostTweetModel.swift in Sources */ = {isa = PBXBuildFile; fileRef = 1F39F8B928720EDB00EB8B47 /* PostTweetModel.swift */; };
		1F39F8BC28720EF100EB8B47 /* ViewTweetModel.swift in Sources */ = {isa = PBXBuildFile; fileRef = 1F39F8BB28720EF100EB8B47 /* ViewTweetModel.swift */; };
		1F39F8BE2872261400EB8B47 /* FloatingPointExtension.swift in Sources */ = {isa = PBXBuildFile; fileRef = 1F39F8BD2872261400EB8B47 /* FloatingPointExtension.swift */; };
		1F39F8C12873273300EB8B47 /* FirebaseDatabaseEndPoint.swift in Sources */ = {isa = PBXBuildFile; fileRef = 1F39F8C02873273300EB8B47 /* FirebaseDatabaseEndPoint.swift */; };
		1F447C95286B60130017EA9C /* DictionaryExtension.swift in Sources */ = {isa = PBXBuildFile; fileRef = 1F447C94286B60130017EA9C /* DictionaryExtension.swift */; };
		1F447C97286B604C0017EA9C /* ArrayExtension.swift in Sources */ = {isa = PBXBuildFile; fileRef = 1F447C96286B604C0017EA9C /* ArrayExtension.swift */; };
		1F45E9E92868E4DF00F20C2D /* ProfileView.swift in Sources */ = {isa = PBXBuildFile; fileRef = 1F45E9E82868E4DF00F20C2D /* ProfileView.swift */; };
		1F45E9EB2868E4E700F20C2D /* ProfileView.xib in Resources */ = {isa = PBXBuildFile; fileRef = 1F45E9EA2868E4E700F20C2D /* ProfileView.xib */; };
		1F45E9ED2868F16500F20C2D /* UIViewControllerExtension.swift in Sources */ = {isa = PBXBuildFile; fileRef = 1F45E9EC2868F16500F20C2D /* UIViewControllerExtension.swift */; };
		1F45E9EF2868F93300F20C2D /* StringExtension.swift in Sources */ = {isa = PBXBuildFile; fileRef = 1F45E9EE2868F93300F20C2D /* StringExtension.swift */; };
		1F46CA8D28664A96005A0C79 /* BaseViewModel.swift in Sources */ = {isa = PBXBuildFile; fileRef = 1F46CA8C28664A96005A0C79 /* BaseViewModel.swift */; };
		1F6252B52877551C0010E581 /* CreateAccountTests.swift in Sources */ = {isa = PBXBuildFile; fileRef = 1F6252B42877551C0010E581 /* CreateAccountTests.swift */; };
		1F6252B7287755F60010E581 /* SigninTests.swift in Sources */ = {isa = PBXBuildFile; fileRef = 1F6252B6287755F60010E581 /* SigninTests.swift */; };
		1F6252B9287756BF0010E581 /* HomeTests.swift in Sources */ = {isa = PBXBuildFile; fileRef = 1F6252B8287756BF0010E581 /* HomeTests.swift */; };
		1F6252BB28775B890010E581 /* NewTweetTests.swift in Sources */ = {isa = PBXBuildFile; fileRef = 1F6252BA28775B890010E581 /* NewTweetTests.swift */; };
		1F669E3C2867A74D00BED673 /* GoogleService-Info.plist in Resources */ = {isa = PBXBuildFile; fileRef = 1F669E3B2867A74D00BED673 /* GoogleService-Info.plist */; };
		1F669E3E2868810100BED673 /* UserModel.swift in Sources */ = {isa = PBXBuildFile; fileRef = 1F669E3D2868810100BED673 /* UserModel.swift */; };
		1F669E40286883AF00BED673 /* FirebaseAuthenticationManager.swift in Sources */ = {isa = PBXBuildFile; fileRef = 1F669E3F286883AF00BED673 /* FirebaseAuthenticationManager.swift */; };
		1F669E422868973900BED673 /* HomeViewController.swift in Sources */ = {isa = PBXBuildFile; fileRef = 1F669E412868973900BED673 /* HomeViewController.swift */; };
		1F669E442868994300BED673 /* Utils.swift in Sources */ = {isa = PBXBuildFile; fileRef = 1F669E432868994300BED673 /* Utils.swift */; };
		1F669E4728689DFD00BED673 /* Login.storyboard in Resources */ = {isa = PBXBuildFile; fileRef = 1F669E4628689DFD00BED673 /* Login.storyboard */; };
		1F669E4A2868B75400BED673 /* LoginViewModel.swift in Sources */ = {isa = PBXBuildFile; fileRef = 1F669E492868B75400BED673 /* LoginViewModel.swift */; };
		1F669E4C2868C7BD00BED673 /* CreateAccountViewController.swift in Sources */ = {isa = PBXBuildFile; fileRef = 1F669E4B2868C7BD00BED673 /* CreateAccountViewController.swift */; };
		1F669E4E2868C7DC00BED673 /* CreateAccountViewModel.swift in Sources */ = {isa = PBXBuildFile; fileRef = 1F669E4D2868C7DC00BED673 /* CreateAccountViewModel.swift */; };
		1F755A722870D06800872636 /* HomeViewModel.swift in Sources */ = {isa = PBXBuildFile; fileRef = 1F755A712870D06800872636 /* HomeViewModel.swift */; };
		1F755A752870D5BB00872636 /* TweetsTableViewCell.swift in Sources */ = {isa = PBXBuildFile; fileRef = 1F755A732870D5BB00872636 /* TweetsTableViewCell.swift */; };
		1F755A762870D5BB00872636 /* TweetsTableViewCell.xib in Resources */ = {isa = PBXBuildFile; fileRef = 1F755A742870D5BB00872636 /* TweetsTableViewCell.xib */; };
		1F9802E3286E19F000D870FB /* NewTweetViewController.swift in Sources */ = {isa = PBXBuildFile; fileRef = 1F9802E2286E19F000D870FB /* NewTweetViewController.swift */; };
		1FA37EBD2874B4EB00638AF5 /* PhotoEndPoint.swift in Sources */ = {isa = PBXBuildFile; fileRef = 1FA37EBC2874B4EB00638AF5 /* PhotoEndPoint.swift */; };
		1FA37EC22874C21400638AF5 /* FirebaseModel.swift in Sources */ = {isa = PBXBuildFile; fileRef = 1FA37EC12874C21400638AF5 /* FirebaseModel.swift */; };
		1FA37EC42874C88900638AF5 /* UIAlertActionExtension.swift in Sources */ = {isa = PBXBuildFile; fileRef = 1FA37EC32874C88900638AF5 /* UIAlertActionExtension.swift */; };
		1FA4A69F286E35FF00F321D1 /* TextViewWithPlaceholder.swift in Sources */ = {isa = PBXBuildFile; fileRef = 1FA4A69E286E35FF00F321D1 /* TextViewWithPlaceholder.swift */; };
		1FB143B42870CE6D00A8C33F /* UITableViewExtension.swift in Sources */ = {isa = PBXBuildFile; fileRef = 1FB143B32870CE6D00A8C33F /* UITableViewExtension.swift */; };
		1FB928752864E0A1005967E3 /* ReachabilityManager.swift in Sources */ = {isa = PBXBuildFile; fileRef = 1FB928742864E0A1005967E3 /* ReachabilityManager.swift */; };
		1FB9287A2864E71E005967E3 /* BaseViewController.swift in Sources */ = {isa = PBXBuildFile; fileRef = 1FB928792864E71E005967E3 /* BaseViewController.swift */; };
		1FB9287F2864F4B7005967E3 /* UIStoryboardExtension.swift in Sources */ = {isa = PBXBuildFile; fileRef = 1FB9287E2864F4B7005967E3 /* UIStoryboardExtension.swift */; };
		1FB928812864F678005967E3 /* LoadableNib.swift in Sources */ = {isa = PBXBuildFile; fileRef = 1FB928802864F678005967E3 /* LoadableNib.swift */; };
		1FB928842864F764005967E3 /* NetworkStatusView.swift in Sources */ = {isa = PBXBuildFile; fileRef = 1FB928832864F764005967E3 /* NetworkStatusView.swift */; };
		1FB928862864F76A005967E3 /* NetworkStatusView.xib in Resources */ = {isa = PBXBuildFile; fileRef = 1FB928852864F76A005967E3 /* NetworkStatusView.xib */; };
		1FB928892864F7A2005967E3 /* BaseView.swift in Sources */ = {isa = PBXBuildFile; fileRef = 1FB928882864F7A2005967E3 /* BaseView.swift */; };
		1FBC74DE286783700086604B /* GoogleSignInManager.swift in Sources */ = {isa = PBXBuildFile; fileRef = 1FBC74DD286783700086604B /* GoogleSignInManager.swift */; };
		1FBE39B62869D9F800E2E233 /* SigninViewController.swift in Sources */ = {isa = PBXBuildFile; fileRef = 1FBE39B52869D9F800E2E233 /* SigninViewController.swift */; };
		1FBE39B82869DA1000E2E233 /* SigninViewModel.swift in Sources */ = {isa = PBXBuildFile; fileRef = 1FBE39B72869DA1000E2E233 /* SigninViewModel.swift */; };
		1FDD542328709AFD0001ABCD /* EncodableExtensions.swift in Sources */ = {isa = PBXBuildFile; fileRef = 1FDD542228709AFD0001ABCD /* EncodableExtensions.swift */; };
		1FECC9B12864CF220056CCE7 /* LoginViewController.swift in Sources */ = {isa = PBXBuildFile; fileRef = 1FECC9B02864CF220056CCE7 /* LoginViewController.swift */; };
		1FECC9C42864CF250056CCE7 /* TwitterLiteTests.swift in Sources */ = {isa = PBXBuildFile; fileRef = 1FECC9C32864CF250056CCE7 /* TwitterLiteTests.swift */; };
		1FECC9CE2864CF250056CCE7 /* TwitterLiteUITests.swift in Sources */ = {isa = PBXBuildFile; fileRef = 1FECC9CD2864CF250056CCE7 /* TwitterLiteUITests.swift */; };
		1FECC9D02864CF250056CCE7 /* TwitterLiteUITestsLaunchTests.swift in Sources */ = {isa = PBXBuildFile; fileRef = 1FECC9CF2864CF250056CCE7 /* TwitterLiteUITestsLaunchTests.swift */; };
		1FECC9E62864D1210056CCE7 /* Assets.xcassets in Resources */ = {isa = PBXBuildFile; fileRef = 1FECC9DD2864D1210056CCE7 /* Assets.xcassets */; };
		1FECC9E72864D1210056CCE7 /* LaunchScreen.storyboard in Resources */ = {isa = PBXBuildFile; fileRef = 1FECC9DE2864D1210056CCE7 /* LaunchScreen.storyboard */; };
		1FECC9E82864D1210056CCE7 /* Main.storyboard in Resources */ = {isa = PBXBuildFile; fileRef = 1FECC9E02864D1210056CCE7 /* Main.storyboard */; };
		1FECC9EA2864D1210056CCE7 /* AppDelegate.swift in Sources */ = {isa = PBXBuildFile; fileRef = 1FECC9E42864D1210056CCE7 /* AppDelegate.swift */; };
		1FECC9EB2864D1210056CCE7 /* SceneDelegate.swift in Sources */ = {isa = PBXBuildFile; fileRef = 1FECC9E52864D1210056CCE7 /* SceneDelegate.swift */; };
		322565E485E4D5D61008A771 /* Pods_TwitterLite_TwitterLiteUITests.framework in Frameworks */ = {isa = PBXBuildFile; fileRef = 2C57F06B944172758E6E6840 /* Pods_TwitterLite_TwitterLiteUITests.framework */; };
		97AE3F33C456563658C38918 /* Pods_TwitterLiteTests.framework in Frameworks */ = {isa = PBXBuildFile; fileRef = 55C49BC85D8C651D1805B2C5 /* Pods_TwitterLiteTests.framework */; };
/* End PBXBuildFile section */

/* Begin PBXContainerItemProxy section */
		1FECC9C02864CF250056CCE7 /* PBXContainerItemProxy */ = {
			isa = PBXContainerItemProxy;
			containerPortal = 1FECC9A12864CF220056CCE7 /* Project object */;
			proxyType = 1;
			remoteGlobalIDString = 1FECC9A82864CF220056CCE7;
			remoteInfo = TwitterLite;
		};
		1FECC9CA2864CF250056CCE7 /* PBXContainerItemProxy */ = {
			isa = PBXContainerItemProxy;
			containerPortal = 1FECC9A12864CF220056CCE7 /* Project object */;
			proxyType = 1;
			remoteGlobalIDString = 1FECC9A82864CF220056CCE7;
			remoteInfo = TwitterLite;
		};
/* End PBXContainerItemProxy section */

/* Begin PBXFileReference section */
		00B45B5E295604CABAC2D94D /* Pods-TwitterLite-TwitterLiteUITests.debug.xcconfig */ = {isa = PBXFileReference; includeInIndex = 1; lastKnownFileType = text.xcconfig; name = "Pods-TwitterLite-TwitterLiteUITests.debug.xcconfig"; path = "Target Support Files/Pods-TwitterLite-TwitterLiteUITests/Pods-TwitterLite-TwitterLiteUITests.debug.xcconfig"; sourceTree = "<group>"; };
		011798CE33AA082C57521AEB /* Pods-TwitterLite-TwitterLiteUITests.release.xcconfig */ = {isa = PBXFileReference; includeInIndex = 1; lastKnownFileType = text.xcconfig; name = "Pods-TwitterLite-TwitterLiteUITests.release.xcconfig"; path = "Target Support Files/Pods-TwitterLite-TwitterLiteUITests/Pods-TwitterLite-TwitterLiteUITests.release.xcconfig"; sourceTree = "<group>"; };
		140CE69C205E3CE5B827FAFC /* Pods-TwitterLiteTests.debug.xcconfig */ = {isa = PBXFileReference; includeInIndex = 1; lastKnownFileType = text.xcconfig; name = "Pods-TwitterLiteTests.debug.xcconfig"; path = "Target Support Files/Pods-TwitterLiteTests/Pods-TwitterLiteTests.debug.xcconfig"; sourceTree = "<group>"; };
		1F083DD0286E3EEB00B98D69 /* RingProgressView.swift */ = {isa = PBXFileReference; lastKnownFileType = sourcecode.swift; path = RingProgressView.swift; sourceTree = "<group>"; };
		1F083DD2286E4CFD00B98D69 /* NewTweetViewModel.swift */ = {isa = PBXFileReference; lastKnownFileType = sourcecode.swift; path = NewTweetViewModel.swift; sourceTree = "<group>"; };
		1F083DD6286F694600B98D69 /* PhotoGalleryView.swift */ = {isa = PBXFileReference; lastKnownFileType = sourcecode.swift; path = PhotoGalleryView.swift; sourceTree = "<group>"; };
		1F083DD8286F695000B98D69 /* PhotoGalleryView.xib */ = {isa = PBXFileReference; lastKnownFileType = file.xib; path = PhotoGalleryView.xib; sourceTree = "<group>"; };
		1F083DDA286F6CEC00B98D69 /* PhotoFrameCollectionViewCell.swift */ = {isa = PBXFileReference; lastKnownFileType = sourcecode.swift; path = PhotoFrameCollectionViewCell.swift; sourceTree = "<group>"; };
		1F083DDB286F6CEC00B98D69 /* PhotoFrameCollectionViewCell.xib */ = {isa = PBXFileReference; lastKnownFileType = file.xib; path = PhotoFrameCollectionViewCell.xib; sourceTree = "<group>"; };
		1F083DDE286F6EED00B98D69 /* UICollectionViewExtension.swift */ = {isa = PBXFileReference; lastKnownFileType = sourcecode.swift; path = UICollectionViewExtension.swift; sourceTree = "<group>"; };
		1F084846286B783800ABC599 /* ActivityIndicatorView.swift */ = {isa = PBXFileReference; lastKnownFileType = sourcecode.swift; path = ActivityIndicatorView.swift; sourceTree = "<group>"; };
		1F084848286B783F00ABC599 /* ActivityIndicatorView.xib */ = {isa = PBXFileReference; lastKnownFileType = file.xib; path = ActivityIndicatorView.xib; sourceTree = "<group>"; };
		1F0FFC74287032F000B54A00 /* RoundedButton.swift */ = {isa = PBXFileReference; lastKnownFileType = sourcecode.swift; path = RoundedButton.swift; sourceTree = "<group>"; };
		1F0FFC762870530600B54A00 /* BaseTweetModel.swift */ = {isa = PBXFileReference; lastKnownFileType = sourcecode.swift; path = BaseTweetModel.swift; sourceTree = "<group>"; };
		1F0FFC7828705B7A00B54A00 /* ImageWrapper.swift */ = {isa = PBXFileReference; lastKnownFileType = sourcecode.swift; path = ImageWrapper.swift; sourceTree = "<group>"; };
		1F1C685F28733ACC00F348C2 /* UserEndPoint.swift */ = {isa = PBXFileReference; lastKnownFileType = sourcecode.swift; path = UserEndPoint.swift; sourceTree = "<group>"; };
		1F1C68612873529E00F348C2 /* TweetEndPoint.swift */ = {isa = PBXFileReference; lastKnownFileType = sourcecode.swift; path = TweetEndPoint.swift; sourceTree = "<group>"; };
		1F281B6E286A268F0050365F /* FirebaseDatabaseManager.swift */ = {isa = PBXFileReference; lastKnownFileType = sourcecode.swift; path = FirebaseDatabaseManager.swift; sourceTree = "<group>"; };
		1F35531328762D5D00106AC7 /* UIDeviceExtension.swift */ = {isa = PBXFileReference; lastKnownFileType = sourcecode.swift; path = UIDeviceExtension.swift; sourceTree = "<group>"; };
		1F39F8B72871ECCB00EB8B47 /* DateExtension.swift */ = {isa = PBXFileReference; lastKnownFileType = sourcecode.swift; path = DateExtension.swift; sourceTree = "<group>"; };
		1F39F8B928720EDB00EB8B47 /* PostTweetModel.swift */ = {isa = PBXFileReference; lastKnownFileType = sourcecode.swift; path = PostTweetModel.swift; sourceTree = "<group>"; };
		1F39F8BB28720EF100EB8B47 /* ViewTweetModel.swift */ = {isa = PBXFileReference; lastKnownFileType = sourcecode.swift; path = ViewTweetModel.swift; sourceTree = "<group>"; };
		1F39F8BD2872261400EB8B47 /* FloatingPointExtension.swift */ = {isa = PBXFileReference; lastKnownFileType = sourcecode.swift; path = FloatingPointExtension.swift; sourceTree = "<group>"; };
		1F39F8C02873273300EB8B47 /* FirebaseDatabaseEndPoint.swift */ = {isa = PBXFileReference; lastKnownFileType = sourcecode.swift; path = FirebaseDatabaseEndPoint.swift; sourceTree = "<group>"; };
		1F447C94286B60130017EA9C /* DictionaryExtension.swift */ = {isa = PBXFileReference; lastKnownFileType = sourcecode.swift; path = DictionaryExtension.swift; sourceTree = "<group>"; };
		1F447C96286B604C0017EA9C /* ArrayExtension.swift */ = {isa = PBXFileReference; lastKnownFileType = sourcecode.swift; path = ArrayExtension.swift; sourceTree = "<group>"; };
		1F45E9E82868E4DF00F20C2D /* ProfileView.swift */ = {isa = PBXFileReference; lastKnownFileType = sourcecode.swift; path = ProfileView.swift; sourceTree = "<group>"; };
		1F45E9EA2868E4E700F20C2D /* ProfileView.xib */ = {isa = PBXFileReference; lastKnownFileType = file.xib; path = ProfileView.xib; sourceTree = "<group>"; };
		1F45E9EC2868F16500F20C2D /* UIViewControllerExtension.swift */ = {isa = PBXFileReference; lastKnownFileType = sourcecode.swift; path = UIViewControllerExtension.swift; sourceTree = "<group>"; };
		1F45E9EE2868F93300F20C2D /* StringExtension.swift */ = {isa = PBXFileReference; lastKnownFileType = sourcecode.swift; path = StringExtension.swift; sourceTree = "<group>"; };
		1F46CA8C28664A96005A0C79 /* BaseViewModel.swift */ = {isa = PBXFileReference; lastKnownFileType = sourcecode.swift; path = BaseViewModel.swift; sourceTree = "<group>"; };
		1F6252B42877551C0010E581 /* CreateAccountTests.swift */ = {isa = PBXFileReference; lastKnownFileType = sourcecode.swift; path = CreateAccountTests.swift; sourceTree = "<group>"; };
		1F6252B6287755F60010E581 /* SigninTests.swift */ = {isa = PBXFileReference; lastKnownFileType = sourcecode.swift; path = SigninTests.swift; sourceTree = "<group>"; };
		1F6252B8287756BF0010E581 /* HomeTests.swift */ = {isa = PBXFileReference; lastKnownFileType = sourcecode.swift; path = HomeTests.swift; sourceTree = "<group>"; };
		1F6252BA28775B890010E581 /* NewTweetTests.swift */ = {isa = PBXFileReference; lastKnownFileType = sourcecode.swift; path = NewTweetTests.swift; sourceTree = "<group>"; };
		1F669E3B2867A74D00BED673 /* GoogleService-Info.plist */ = {isa = PBXFileReference; fileEncoding = 4; lastKnownFileType = text.plist.xml; path = "GoogleService-Info.plist"; sourceTree = "<group>"; };
		1F669E3D2868810100BED673 /* UserModel.swift */ = {isa = PBXFileReference; lastKnownFileType = sourcecode.swift; path = UserModel.swift; sourceTree = "<group>"; };
		1F669E3F286883AF00BED673 /* FirebaseAuthenticationManager.swift */ = {isa = PBXFileReference; lastKnownFileType = sourcecode.swift; path = FirebaseAuthenticationManager.swift; sourceTree = "<group>"; };
		1F669E412868973900BED673 /* HomeViewController.swift */ = {isa = PBXFileReference; lastKnownFileType = sourcecode.swift; path = HomeViewController.swift; sourceTree = "<group>"; };
		1F669E432868994300BED673 /* Utils.swift */ = {isa = PBXFileReference; lastKnownFileType = sourcecode.swift; path = Utils.swift; sourceTree = "<group>"; };
		1F669E4628689DFD00BED673 /* Login.storyboard */ = {isa = PBXFileReference; lastKnownFileType = file.storyboard; path = Login.storyboard; sourceTree = "<group>"; };
		1F669E492868B75400BED673 /* LoginViewModel.swift */ = {isa = PBXFileReference; lastKnownFileType = sourcecode.swift; path = LoginViewModel.swift; sourceTree = "<group>"; };
		1F669E4B2868C7BD00BED673 /* CreateAccountViewController.swift */ = {isa = PBXFileReference; lastKnownFileType = sourcecode.swift; path = CreateAccountViewController.swift; sourceTree = "<group>"; };
		1F669E4D2868C7DC00BED673 /* CreateAccountViewModel.swift */ = {isa = PBXFileReference; lastKnownFileType = sourcecode.swift; path = CreateAccountViewModel.swift; sourceTree = "<group>"; };
		1F755A712870D06800872636 /* HomeViewModel.swift */ = {isa = PBXFileReference; lastKnownFileType = sourcecode.swift; path = HomeViewModel.swift; sourceTree = "<group>"; };
		1F755A732870D5BB00872636 /* TweetsTableViewCell.swift */ = {isa = PBXFileReference; lastKnownFileType = sourcecode.swift; path = TweetsTableViewCell.swift; sourceTree = "<group>"; };
		1F755A742870D5BB00872636 /* TweetsTableViewCell.xib */ = {isa = PBXFileReference; lastKnownFileType = file.xib; path = TweetsTableViewCell.xib; sourceTree = "<group>"; };
		1F9802E2286E19F000D870FB /* NewTweetViewController.swift */ = {isa = PBXFileReference; lastKnownFileType = sourcecode.swift; path = NewTweetViewController.swift; sourceTree = "<group>"; };
		1FA37EBC2874B4EB00638AF5 /* PhotoEndPoint.swift */ = {isa = PBXFileReference; lastKnownFileType = sourcecode.swift; path = PhotoEndPoint.swift; sourceTree = "<group>"; };
		1FA37EC12874C21400638AF5 /* FirebaseModel.swift */ = {isa = PBXFileReference; lastKnownFileType = sourcecode.swift; path = FirebaseModel.swift; sourceTree = "<group>"; };
		1FA37EC32874C88900638AF5 /* UIAlertActionExtension.swift */ = {isa = PBXFileReference; lastKnownFileType = sourcecode.swift; path = UIAlertActionExtension.swift; sourceTree = "<group>"; };
		1FA4A69E286E35FF00F321D1 /* TextViewWithPlaceholder.swift */ = {isa = PBXFileReference; lastKnownFileType = sourcecode.swift; path = TextViewWithPlaceholder.swift; sourceTree = "<group>"; };
		1FB143B32870CE6D00A8C33F /* UITableViewExtension.swift */ = {isa = PBXFileReference; lastKnownFileType = sourcecode.swift; path = UITableViewExtension.swift; sourceTree = "<group>"; };
		1FB928742864E0A1005967E3 /* ReachabilityManager.swift */ = {isa = PBXFileReference; lastKnownFileType = sourcecode.swift; path = ReachabilityManager.swift; sourceTree = "<group>"; };
		1FB928792864E71E005967E3 /* BaseViewController.swift */ = {isa = PBXFileReference; fileEncoding = 4; lastKnownFileType = sourcecode.swift; path = BaseViewController.swift; sourceTree = "<group>"; };
		1FB9287E2864F4B7005967E3 /* UIStoryboardExtension.swift */ = {isa = PBXFileReference; lastKnownFileType = sourcecode.swift; path = UIStoryboardExtension.swift; sourceTree = "<group>"; };
		1FB928802864F678005967E3 /* LoadableNib.swift */ = {isa = PBXFileReference; lastKnownFileType = sourcecode.swift; path = LoadableNib.swift; sourceTree = "<group>"; };
		1FB928832864F764005967E3 /* NetworkStatusView.swift */ = {isa = PBXFileReference; lastKnownFileType = sourcecode.swift; path = NetworkStatusView.swift; sourceTree = "<group>"; };
		1FB928852864F76A005967E3 /* NetworkStatusView.xib */ = {isa = PBXFileReference; lastKnownFileType = file.xib; path = NetworkStatusView.xib; sourceTree = "<group>"; };
		1FB928882864F7A2005967E3 /* BaseView.swift */ = {isa = PBXFileReference; lastKnownFileType = sourcecode.swift; path = BaseView.swift; sourceTree = "<group>"; };
		1FBC74DD286783700086604B /* GoogleSignInManager.swift */ = {isa = PBXFileReference; lastKnownFileType = sourcecode.swift; path = GoogleSignInManager.swift; sourceTree = "<group>"; };
		1FBE39B52869D9F800E2E233 /* SigninViewController.swift */ = {isa = PBXFileReference; lastKnownFileType = sourcecode.swift; path = SigninViewController.swift; sourceTree = "<group>"; };
		1FBE39B72869DA1000E2E233 /* SigninViewModel.swift */ = {isa = PBXFileReference; lastKnownFileType = sourcecode.swift; path = SigninViewModel.swift; sourceTree = "<group>"; };
		1FDD542228709AFD0001ABCD /* EncodableExtensions.swift */ = {isa = PBXFileReference; lastKnownFileType = sourcecode.swift; path = EncodableExtensions.swift; sourceTree = "<group>"; };
		1FECC9A92864CF220056CCE7 /* TwitterLite.app */ = {isa = PBXFileReference; explicitFileType = wrapper.application; includeInIndex = 0; path = TwitterLite.app; sourceTree = BUILT_PRODUCTS_DIR; };
		1FECC9B02864CF220056CCE7 /* LoginViewController.swift */ = {isa = PBXFileReference; lastKnownFileType = sourcecode.swift; path = LoginViewController.swift; sourceTree = "<group>"; };
		1FECC9BF2864CF250056CCE7 /* TwitterLiteTests.xctest */ = {isa = PBXFileReference; explicitFileType = wrapper.cfbundle; includeInIndex = 0; path = TwitterLiteTests.xctest; sourceTree = BUILT_PRODUCTS_DIR; };
		1FECC9C32864CF250056CCE7 /* TwitterLiteTests.swift */ = {isa = PBXFileReference; lastKnownFileType = sourcecode.swift; path = TwitterLiteTests.swift; sourceTree = "<group>"; };
		1FECC9C92864CF250056CCE7 /* TwitterLiteUITests.xctest */ = {isa = PBXFileReference; explicitFileType = wrapper.cfbundle; includeInIndex = 0; path = TwitterLiteUITests.xctest; sourceTree = BUILT_PRODUCTS_DIR; };
		1FECC9CD2864CF250056CCE7 /* TwitterLiteUITests.swift */ = {isa = PBXFileReference; lastKnownFileType = sourcecode.swift; path = TwitterLiteUITests.swift; sourceTree = "<group>"; };
		1FECC9CF2864CF250056CCE7 /* TwitterLiteUITestsLaunchTests.swift */ = {isa = PBXFileReference; lastKnownFileType = sourcecode.swift; path = TwitterLiteUITestsLaunchTests.swift; sourceTree = "<group>"; };
		1FECC9DD2864D1210056CCE7 /* Assets.xcassets */ = {isa = PBXFileReference; lastKnownFileType = folder.assetcatalog; path = Assets.xcassets; sourceTree = "<group>"; };
		1FECC9DF2864D1210056CCE7 /* Base */ = {isa = PBXFileReference; lastKnownFileType = file.storyboard; name = Base; path = Base.lproj/LaunchScreen.storyboard; sourceTree = "<group>"; };
		1FECC9E12864D1210056CCE7 /* Base */ = {isa = PBXFileReference; lastKnownFileType = file.storyboard; name = Base; path = Base.lproj/Main.storyboard; sourceTree = "<group>"; };
		1FECC9E22864D1210056CCE7 /* Info.plist */ = {isa = PBXFileReference; fileEncoding = 4; lastKnownFileType = text.plist.xml; path = Info.plist; sourceTree = "<group>"; };
		1FECC9E42864D1210056CCE7 /* AppDelegate.swift */ = {isa = PBXFileReference; fileEncoding = 4; lastKnownFileType = sourcecode.swift; path = AppDelegate.swift; sourceTree = "<group>"; };
		1FECC9E52864D1210056CCE7 /* SceneDelegate.swift */ = {isa = PBXFileReference; fileEncoding = 4; lastKnownFileType = sourcecode.swift; path = SceneDelegate.swift; sourceTree = "<group>"; };
		20A4BE888675F76C033505F2 /* Pods_TwitterLite.framework */ = {isa = PBXFileReference; explicitFileType = wrapper.framework; includeInIndex = 0; path = Pods_TwitterLite.framework; sourceTree = BUILT_PRODUCTS_DIR; };
		2C57F06B944172758E6E6840 /* Pods_TwitterLite_TwitterLiteUITests.framework */ = {isa = PBXFileReference; explicitFileType = wrapper.framework; includeInIndex = 0; path = Pods_TwitterLite_TwitterLiteUITests.framework; sourceTree = BUILT_PRODUCTS_DIR; };
		3937F97ADE8BB51781B50593 /* Pods-TwitterLiteTests.release.xcconfig */ = {isa = PBXFileReference; includeInIndex = 1; lastKnownFileType = text.xcconfig; name = "Pods-TwitterLiteTests.release.xcconfig"; path = "Target Support Files/Pods-TwitterLiteTests/Pods-TwitterLiteTests.release.xcconfig"; sourceTree = "<group>"; };
		55C49BC85D8C651D1805B2C5 /* Pods_TwitterLiteTests.framework */ = {isa = PBXFileReference; explicitFileType = wrapper.framework; includeInIndex = 0; path = Pods_TwitterLiteTests.framework; sourceTree = BUILT_PRODUCTS_DIR; };
		B3698D888143C0BDDB839E8A /* Pods-TwitterLite.release.xcconfig */ = {isa = PBXFileReference; includeInIndex = 1; lastKnownFileType = text.xcconfig; name = "Pods-TwitterLite.release.xcconfig"; path = "Target Support Files/Pods-TwitterLite/Pods-TwitterLite.release.xcconfig"; sourceTree = "<group>"; };
		BA3F5D1526610248CA009B19 /* Pods-TwitterLite.debug.xcconfig */ = {isa = PBXFileReference; includeInIndex = 1; lastKnownFileType = text.xcconfig; name = "Pods-TwitterLite.debug.xcconfig"; path = "Target Support Files/Pods-TwitterLite/Pods-TwitterLite.debug.xcconfig"; sourceTree = "<group>"; };
/* End PBXFileReference section */

/* Begin PBXFrameworksBuildPhase section */
		1FECC9A62864CF220056CCE7 /* Frameworks */ = {
			isa = PBXFrameworksBuildPhase;
			buildActionMask = 2147483647;
			files = (
				148E0F77C373DA294A0C3032 /* Pods_TwitterLite.framework in Frameworks */,
			);
			runOnlyForDeploymentPostprocessing = 0;
		};
		1FECC9BC2864CF250056CCE7 /* Frameworks */ = {
			isa = PBXFrameworksBuildPhase;
			buildActionMask = 2147483647;
			files = (
				97AE3F33C456563658C38918 /* Pods_TwitterLiteTests.framework in Frameworks */,
			);
			runOnlyForDeploymentPostprocessing = 0;
		};
		1FECC9C62864CF250056CCE7 /* Frameworks */ = {
			isa = PBXFrameworksBuildPhase;
			buildActionMask = 2147483647;
			files = (
				322565E485E4D5D61008A771 /* Pods_TwitterLite_TwitterLiteUITests.framework in Frameworks */,
			);
			runOnlyForDeploymentPostprocessing = 0;
		};
/* End PBXFrameworksBuildPhase section */

/* Begin PBXGroup section */
		1F281B6D286A1B8A0050365F /* Login Screen */ = {
			isa = PBXGroup;
			children = (
				1FBC74DC2867771D0086604B /* Login */,
				1F669E4F2868D98600BED673 /* Sign Up */,
				1FBE39B42869D9E500E2E233 /* Sign In */,
			);
			path = "Login Screen";
			sourceTree = "<group>";
		};
		1F39F8BF28722B7300EB8B47 /* Cells */ = {
			isa = PBXGroup;
			children = (
				1F755A732870D5BB00872636 /* TweetsTableViewCell.swift */,
				1F755A742870D5BB00872636 /* TweetsTableViewCell.xib */,
			);
			path = Cells;
			sourceTree = "<group>";
		};
		1F46CA8B28664A76005A0C79 /* Models */ = {
			isa = PBXGroup;
			children = (
				1FA37EC12874C21400638AF5 /* FirebaseModel.swift */,
				1F46CA8C28664A96005A0C79 /* BaseViewModel.swift */,
				1F0FFC762870530600B54A00 /* BaseTweetModel.swift */,
			);
			path = Models;
			sourceTree = "<group>";
		};
		1F669E4528689DCE00BED673 /* StoryBoards */ = {
			isa = PBXGroup;
			children = (
				1F669E4628689DFD00BED673 /* Login.storyboard */,
				1FECC9E02864D1210056CCE7 /* Main.storyboard */,
				1FECC9DE2864D1210056CCE7 /* LaunchScreen.storyboard */,
			);
			path = StoryBoards;
			sourceTree = "<group>";
		};
		1F669E482868B73500BED673 /* Home */ = {
			isa = PBXGroup;
			children = (
				1F669E412868973900BED673 /* HomeViewController.swift */,
				1F755A712870D06800872636 /* HomeViewModel.swift */,
				1F39F8B928720EDB00EB8B47 /* PostTweetModel.swift */,
				1F39F8BB28720EF100EB8B47 /* ViewTweetModel.swift */,
				1F39F8BF28722B7300EB8B47 /* Cells */,
			);
			path = Home;
			sourceTree = "<group>";
		};
		1F669E4F2868D98600BED673 /* Sign Up */ = {
			isa = PBXGroup;
			children = (
				1F669E4B2868C7BD00BED673 /* CreateAccountViewController.swift */,
				1F669E4D2868C7DC00BED673 /* CreateAccountViewModel.swift */,
			);
			path = "Sign Up";
			sourceTree = "<group>";
		};
		1F9802E1286E196500D870FB /* New Tweet */ = {
			isa = PBXGroup;
			children = (
				1F9802E2286E19F000D870FB /* NewTweetViewController.swift */,
				1F083DD2286E4CFD00B98D69 /* NewTweetViewModel.swift */,
			);
			path = "New Tweet";
			sourceTree = "<group>";
		};
		1FA37EBE2874B50900638AF5 /* Nework */ = {
			isa = PBXGroup;
			children = (
				1FA37EC02874B53500638AF5 /* FirebaseManagers */,
				1FA37EBF2874B51D00638AF5 /* EndPoints */,
			);
			path = Nework;
			sourceTree = "<group>";
		};
		1FA37EBF2874B51D00638AF5 /* EndPoints */ = {
			isa = PBXGroup;
			children = (
				1F1C68612873529E00F348C2 /* TweetEndPoint.swift */,
				1FA37EBC2874B4EB00638AF5 /* PhotoEndPoint.swift */,
				1F1C685F28733ACC00F348C2 /* UserEndPoint.swift */,
			);
			path = EndPoints;
			sourceTree = "<group>";
		};
		1FA37EC02874B53500638AF5 /* FirebaseManagers */ = {
			isa = PBXGroup;
			children = (
				1F669E3F286883AF00BED673 /* FirebaseAuthenticationManager.swift */,
				1F39F8C02873273300EB8B47 /* FirebaseDatabaseEndPoint.swift */,
				1F281B6E286A268F0050365F /* FirebaseDatabaseManager.swift */,
				1FBC74DD286783700086604B /* GoogleSignInManager.swift */,
			);
			path = FirebaseManagers;
			sourceTree = "<group>";
		};
		1FB928722864E05B005967E3 /* Common */ = {
			isa = PBXGroup;
			children = (
				1FB928822864F750005967E3 /* Views */,
				1FB928732864E06E005967E3 /* Models */,
			);
			path = Common;
			sourceTree = "<group>";
		};
		1FB928732864E06E005967E3 /* Models */ = {
			isa = PBXGroup;
			children = (
				1FA37EBE2874B50900638AF5 /* Nework */,
				1F669E432868994300BED673 /* Utils.swift */,
				1F669E3D2868810100BED673 /* UserModel.swift */,
				1FB928802864F678005967E3 /* LoadableNib.swift */,
				1F0FFC7828705B7A00B54A00 /* ImageWrapper.swift */,
				1FB928742864E0A1005967E3 /* ReachabilityManager.swift */,
			);
			path = Models;
			sourceTree = "<group>";
		};
		1FB928782864E71E005967E3 /* ViewControllers */ = {
			isa = PBXGroup;
			children = (
				1FB928792864E71E005967E3 /* BaseViewController.swift */,
			);
			name = ViewControllers;
			path = TwitterLite/BaseClass/ViewControllers;
			sourceTree = SOURCE_ROOT;
		};
		1FB9287D2864F49D005967E3 /* Extensions */ = {
			isa = PBXGroup;
			children = (
				1F45E9EC2868F16500F20C2D /* UIViewControllerExtension.swift */,
				1F083DDE286F6EED00B98D69 /* UICollectionViewExtension.swift */,
				1FA37EC32874C88900638AF5 /* UIAlertActionExtension.swift */,
				1FB9287E2864F4B7005967E3 /* UIStoryboardExtension.swift */,
				1F39F8BD2872261400EB8B47 /* FloatingPointExtension.swift */,
				1FB143B32870CE6D00A8C33F /* UITableViewExtension.swift */,
				1FDD542228709AFD0001ABCD /* EncodableExtensions.swift */,
				1F447C94286B60130017EA9C /* DictionaryExtension.swift */,
				1F35531328762D5D00106AC7 /* UIDeviceExtension.swift */,
				1F45E9EE2868F93300F20C2D /* StringExtension.swift */,
				1F447C96286B604C0017EA9C /* ArrayExtension.swift */,
				1F39F8B72871ECCB00EB8B47 /* DateExtension.swift */,
			);
			path = Extensions;
			sourceTree = "<group>";
		};
		1FB928822864F750005967E3 /* Views */ = {
			isa = PBXGroup;
			children = (
				1F0FFC74287032F000B54A00 /* RoundedButton.swift */,
				1FA4A69E286E35FF00F321D1 /* TextViewWithPlaceholder.swift */,
				1FB928832864F764005967E3 /* NetworkStatusView.swift */,
				1FB928852864F76A005967E3 /* NetworkStatusView.xib */,
				1F45E9E82868E4DF00F20C2D /* ProfileView.swift */,
				1F45E9EA2868E4E700F20C2D /* ProfileView.xib */,
				1F084846286B783800ABC599 /* ActivityIndicatorView.swift */,
				1F084848286B783F00ABC599 /* ActivityIndicatorView.xib */,
				1F083DD0286E3EEB00B98D69 /* RingProgressView.swift */,
				1F083DD6286F694600B98D69 /* PhotoGalleryView.swift */,
				1F083DD8286F695000B98D69 /* PhotoGalleryView.xib */,
				1F083DDA286F6CEC00B98D69 /* PhotoFrameCollectionViewCell.swift */,
				1F083DDB286F6CEC00B98D69 /* PhotoFrameCollectionViewCell.xib */,
			);
			path = Views;
			sourceTree = "<group>";
		};
		1FB928872864F78D005967E3 /* BaseClass */ = {
			isa = PBXGroup;
			children = (
				1FB928782864E71E005967E3 /* ViewControllers */,
				1FB9288A2864F7B1005967E3 /* Views */,
				1F46CA8B28664A76005A0C79 /* Models */,
			);
			path = BaseClass;
			sourceTree = "<group>";
		};
		1FB9288A2864F7B1005967E3 /* Views */ = {
			isa = PBXGroup;
			children = (
				1FB928882864F7A2005967E3 /* BaseView.swift */,
			);
			path = Views;
			sourceTree = "<group>";
		};
		1FBC74DB286777100086604B /* Modules */ = {
			isa = PBXGroup;
			children = (
				1F281B6D286A1B8A0050365F /* Login Screen */,
				1F669E482868B73500BED673 /* Home */,
				1F9802E1286E196500D870FB /* New Tweet */,
			);
			path = Modules;
			sourceTree = "<group>";
		};
		1FBC74DC2867771D0086604B /* Login */ = {
			isa = PBXGroup;
			children = (
				1FECC9B02864CF220056CCE7 /* LoginViewController.swift */,
				1F669E492868B75400BED673 /* LoginViewModel.swift */,
			);
			path = Login;
			sourceTree = "<group>";
		};
		1FBE39B42869D9E500E2E233 /* Sign In */ = {
			isa = PBXGroup;
			children = (
				1FBE39B52869D9F800E2E233 /* SigninViewController.swift */,
				1FBE39B72869DA1000E2E233 /* SigninViewModel.swift */,
			);
			path = "Sign In";
			sourceTree = "<group>";
		};
		1FECC9A02864CF220056CCE7 = {
			isa = PBXGroup;
			children = (
				1FECC9AB2864CF220056CCE7 /* TwitterLite */,
				1FECC9C22864CF250056CCE7 /* TwitterLiteTests */,
				1FECC9CC2864CF250056CCE7 /* TwitterLiteUITests */,
				1FECC9AA2864CF220056CCE7 /* Products */,
				7577546126972536015C47C5 /* Pods */,
				DE98E8C7F0C5183C11E682D1 /* Frameworks */,
			);
			sourceTree = "<group>";
		};
		1FECC9AA2864CF220056CCE7 /* Products */ = {
			isa = PBXGroup;
			children = (
				1FECC9A92864CF220056CCE7 /* TwitterLite.app */,
				1FECC9BF2864CF250056CCE7 /* TwitterLiteTests.xctest */,
				1FECC9C92864CF250056CCE7 /* TwitterLiteUITests.xctest */,
			);
			name = Products;
			sourceTree = "<group>";
		};
		1FECC9AB2864CF220056CCE7 /* TwitterLite */ = {
			isa = PBXGroup;
			children = (
				1FECC9E32864D1210056CCE7 /* AppDelegate */,
				1FBC74DB286777100086604B /* Modules */,
				1FB928722864E05B005967E3 /* Common */,
				1FB928872864F78D005967E3 /* BaseClass */,
				1FB9287D2864F49D005967E3 /* Extensions */,
				1FECC9DC2864D1210056CCE7 /* Resources */,
			);
			path = TwitterLite;
			sourceTree = "<group>";
		};
		1FECC9C22864CF250056CCE7 /* TwitterLiteTests */ = {
			isa = PBXGroup;
			children = (
				1FECC9C32864CF250056CCE7 /* TwitterLiteTests.swift */,
				1F6252B42877551C0010E581 /* CreateAccountTests.swift */,
				1F6252B6287755F60010E581 /* SigninTests.swift */,
				1F6252B8287756BF0010E581 /* HomeTests.swift */,
				1F6252BA28775B890010E581 /* NewTweetTests.swift */,
			);
			path = TwitterLiteTests;
			sourceTree = "<group>";
		};
		1FECC9CC2864CF250056CCE7 /* TwitterLiteUITests */ = {
			isa = PBXGroup;
			children = (
				1FECC9CD2864CF250056CCE7 /* TwitterLiteUITests.swift */,
				1FECC9CF2864CF250056CCE7 /* TwitterLiteUITestsLaunchTests.swift */,
			);
			path = TwitterLiteUITests;
			sourceTree = "<group>";
		};
		1FECC9DC2864D1210056CCE7 /* Resources */ = {
			isa = PBXGroup;
			children = (
				1F669E4528689DCE00BED673 /* StoryBoards */,
				1FECC9E22864D1210056CCE7 /* Info.plist */,
				1F669E3B2867A74D00BED673 /* GoogleService-Info.plist */,
				1FECC9DD2864D1210056CCE7 /* Assets.xcassets */,
			);
			path = Resources;
			sourceTree = "<group>";
		};
		1FECC9E32864D1210056CCE7 /* AppDelegate */ = {
			isa = PBXGroup;
			children = (
				1FECC9E42864D1210056CCE7 /* AppDelegate.swift */,
				1FECC9E52864D1210056CCE7 /* SceneDelegate.swift */,
			);
			path = AppDelegate;
			sourceTree = "<group>";
		};
		7577546126972536015C47C5 /* Pods */ = {
			isa = PBXGroup;
			children = (
				BA3F5D1526610248CA009B19 /* Pods-TwitterLite.debug.xcconfig */,
				B3698D888143C0BDDB839E8A /* Pods-TwitterLite.release.xcconfig */,
				00B45B5E295604CABAC2D94D /* Pods-TwitterLite-TwitterLiteUITests.debug.xcconfig */,
				011798CE33AA082C57521AEB /* Pods-TwitterLite-TwitterLiteUITests.release.xcconfig */,
				140CE69C205E3CE5B827FAFC /* Pods-TwitterLiteTests.debug.xcconfig */,
				3937F97ADE8BB51781B50593 /* Pods-TwitterLiteTests.release.xcconfig */,
			);
			path = Pods;
			sourceTree = "<group>";
		};
		DE98E8C7F0C5183C11E682D1 /* Frameworks */ = {
			isa = PBXGroup;
			children = (
				20A4BE888675F76C033505F2 /* Pods_TwitterLite.framework */,
				2C57F06B944172758E6E6840 /* Pods_TwitterLite_TwitterLiteUITests.framework */,
				55C49BC85D8C651D1805B2C5 /* Pods_TwitterLiteTests.framework */,
			);
			name = Frameworks;
			sourceTree = "<group>";
		};
/* End PBXGroup section */

/* Begin PBXNativeTarget section */
		1FECC9A82864CF220056CCE7 /* TwitterLite */ = {
			isa = PBXNativeTarget;
			buildConfigurationList = 1FECC9D32864CF250056CCE7 /* Build configuration list for PBXNativeTarget "TwitterLite" */;
			buildPhases = (
				3DA41C65A5EC1A0B591C9909 /* [CP] Check Pods Manifest.lock */,
				1FECC9A52864CF220056CCE7 /* Sources */,
				1FECC9A62864CF220056CCE7 /* Frameworks */,
				1FECC9A72864CF220056CCE7 /* Resources */,
				A8AD65F362F44CE3E93FF3B3 /* [CP] Embed Pods Frameworks */,
			);
			buildRules = (
			);
			dependencies = (
			);
			name = TwitterLite;
			productName = TwitterLite;
			productReference = 1FECC9A92864CF220056CCE7 /* TwitterLite.app */;
			productType = "com.apple.product-type.application";
		};
		1FECC9BE2864CF250056CCE7 /* TwitterLiteTests */ = {
			isa = PBXNativeTarget;
			buildConfigurationList = 1FECC9D62864CF250056CCE7 /* Build configuration list for PBXNativeTarget "TwitterLiteTests" */;
			buildPhases = (
				17376F3E23BB5678BC7205BC /* [CP] Check Pods Manifest.lock */,
				1FECC9BB2864CF250056CCE7 /* Sources */,
				1FECC9BC2864CF250056CCE7 /* Frameworks */,
				1FECC9BD2864CF250056CCE7 /* Resources */,
			);
			buildRules = (
			);
			dependencies = (
				1FECC9C12864CF250056CCE7 /* PBXTargetDependency */,
			);
			name = TwitterLiteTests;
			productName = TwitterLiteTests;
			productReference = 1FECC9BF2864CF250056CCE7 /* TwitterLiteTests.xctest */;
			productType = "com.apple.product-type.bundle.unit-test";
		};
		1FECC9C82864CF250056CCE7 /* TwitterLiteUITests */ = {
			isa = PBXNativeTarget;
			buildConfigurationList = 1FECC9D92864CF250056CCE7 /* Build configuration list for PBXNativeTarget "TwitterLiteUITests" */;
			buildPhases = (
				61C7D06499065590287A5EC4 /* [CP] Check Pods Manifest.lock */,
				1FECC9C52864CF250056CCE7 /* Sources */,
				1FECC9C62864CF250056CCE7 /* Frameworks */,
				1FECC9C72864CF250056CCE7 /* Resources */,
				242CF649FED77FA79757DF6B /* [CP] Embed Pods Frameworks */,
			);
			buildRules = (
			);
			dependencies = (
				1FECC9CB2864CF250056CCE7 /* PBXTargetDependency */,
			);
			name = TwitterLiteUITests;
			productName = TwitterLiteUITests;
			productReference = 1FECC9C92864CF250056CCE7 /* TwitterLiteUITests.xctest */;
			productType = "com.apple.product-type.bundle.ui-testing";
		};
/* End PBXNativeTarget section */

/* Begin PBXProject section */
		1FECC9A12864CF220056CCE7 /* Project object */ = {
			isa = PBXProject;
			attributes = {
				BuildIndependentTargetsInParallel = 1;
				LastSwiftUpdateCheck = 1340;
				LastUpgradeCheck = 1340;
				TargetAttributes = {
					1FECC9A82864CF220056CCE7 = {
						CreatedOnToolsVersion = 13.4.1;
					};
					1FECC9BE2864CF250056CCE7 = {
						CreatedOnToolsVersion = 13.4.1;
						TestTargetID = 1FECC9A82864CF220056CCE7;
					};
					1FECC9C82864CF250056CCE7 = {
						CreatedOnToolsVersion = 13.4.1;
						TestTargetID = 1FECC9A82864CF220056CCE7;
					};
				};
			};
			buildConfigurationList = 1FECC9A42864CF220056CCE7 /* Build configuration list for PBXProject "TwitterLite" */;
			compatibilityVersion = "Xcode 13.0";
			developmentRegion = en;
			hasScannedForEncodings = 0;
			knownRegions = (
				en,
				Base,
			);
			mainGroup = 1FECC9A02864CF220056CCE7;
			productRefGroup = 1FECC9AA2864CF220056CCE7 /* Products */;
			projectDirPath = "";
			projectRoot = "";
			targets = (
				1FECC9A82864CF220056CCE7 /* TwitterLite */,
				1FECC9BE2864CF250056CCE7 /* TwitterLiteTests */,
				1FECC9C82864CF250056CCE7 /* TwitterLiteUITests */,
			);
		};
/* End PBXProject section */

/* Begin PBXResourcesBuildPhase section */
		1FECC9A72864CF220056CCE7 /* Resources */ = {
			isa = PBXResourcesBuildPhase;
			buildActionMask = 2147483647;
			files = (
				1FB928862864F76A005967E3 /* NetworkStatusView.xib in Resources */,
				1FECC9E72864D1210056CCE7 /* LaunchScreen.storyboard in Resources */,
				1F45E9EB2868E4E700F20C2D /* ProfileView.xib in Resources */,
				1F669E4728689DFD00BED673 /* Login.storyboard in Resources */,
				1F083DDD286F6CEC00B98D69 /* PhotoFrameCollectionViewCell.xib in Resources */,
				1F669E3C2867A74D00BED673 /* GoogleService-Info.plist in Resources */,
				1F755A762870D5BB00872636 /* TweetsTableViewCell.xib in Resources */,
				1FECC9E62864D1210056CCE7 /* Assets.xcassets in Resources */,
				1FECC9E82864D1210056CCE7 /* Main.storyboard in Resources */,
				1F084849286B783F00ABC599 /* ActivityIndicatorView.xib in Resources */,
				1F083DD9286F695000B98D69 /* PhotoGalleryView.xib in Resources */,
			);
			runOnlyForDeploymentPostprocessing = 0;
		};
		1FECC9BD2864CF250056CCE7 /* Resources */ = {
			isa = PBXResourcesBuildPhase;
			buildActionMask = 2147483647;
			files = (
			);
			runOnlyForDeploymentPostprocessing = 0;
		};
		1FECC9C72864CF250056CCE7 /* Resources */ = {
			isa = PBXResourcesBuildPhase;
			buildActionMask = 2147483647;
			files = (
			);
			runOnlyForDeploymentPostprocessing = 0;
		};
/* End PBXResourcesBuildPhase section */

/* Begin PBXShellScriptBuildPhase section */
		17376F3E23BB5678BC7205BC /* [CP] Check Pods Manifest.lock */ = {
			isa = PBXShellScriptBuildPhase;
			buildActionMask = 2147483647;
			files = (
			);
			inputFileListPaths = (
			);
			inputPaths = (
				"${PODS_PODFILE_DIR_PATH}/Podfile.lock",
				"${PODS_ROOT}/Manifest.lock",
			);
			name = "[CP] Check Pods Manifest.lock";
			outputFileListPaths = (
			);
			outputPaths = (
				"$(DERIVED_FILE_DIR)/Pods-TwitterLiteTests-checkManifestLockResult.txt",
			);
			runOnlyForDeploymentPostprocessing = 0;
			shellPath = /bin/sh;
			shellScript = "diff \"${PODS_PODFILE_DIR_PATH}/Podfile.lock\" \"${PODS_ROOT}/Manifest.lock\" > /dev/null\nif [ $? != 0 ] ; then\n    # print error to STDERR\n    echo \"error: The sandbox is not in sync with the Podfile.lock. Run 'pod install' or update your CocoaPods installation.\" >&2\n    exit 1\nfi\n# This output is used by Xcode 'outputs' to avoid re-running this script phase.\necho \"SUCCESS\" > \"${SCRIPT_OUTPUT_FILE_0}\"\n";
			showEnvVarsInLog = 0;
		};
		242CF649FED77FA79757DF6B /* [CP] Embed Pods Frameworks */ = {
			isa = PBXShellScriptBuildPhase;
			buildActionMask = 2147483647;
			files = (
			);
			inputFileListPaths = (
				"${PODS_ROOT}/Target Support Files/Pods-TwitterLite-TwitterLiteUITests/Pods-TwitterLite-TwitterLiteUITests-frameworks-${CONFIGURATION}-input-files.xcfilelist",
			);
			name = "[CP] Embed Pods Frameworks";
			outputFileListPaths = (
				"${PODS_ROOT}/Target Support Files/Pods-TwitterLite-TwitterLiteUITests/Pods-TwitterLite-TwitterLiteUITests-frameworks-${CONFIGURATION}-output-files.xcfilelist",
			);
			runOnlyForDeploymentPostprocessing = 0;
			shellPath = /bin/sh;
			shellScript = "\"${PODS_ROOT}/Target Support Files/Pods-TwitterLite-TwitterLiteUITests/Pods-TwitterLite-TwitterLiteUITests-frameworks.sh\"\n";
			showEnvVarsInLog = 0;
		};
		3DA41C65A5EC1A0B591C9909 /* [CP] Check Pods Manifest.lock */ = {
			isa = PBXShellScriptBuildPhase;
			buildActionMask = 2147483647;
			files = (
			);
			inputFileListPaths = (
			);
			inputPaths = (
				"${PODS_PODFILE_DIR_PATH}/Podfile.lock",
				"${PODS_ROOT}/Manifest.lock",
			);
			name = "[CP] Check Pods Manifest.lock";
			outputFileListPaths = (
			);
			outputPaths = (
				"$(DERIVED_FILE_DIR)/Pods-TwitterLite-checkManifestLockResult.txt",
			);
			runOnlyForDeploymentPostprocessing = 0;
			shellPath = /bin/sh;
			shellScript = "diff \"${PODS_PODFILE_DIR_PATH}/Podfile.lock\" \"${PODS_ROOT}/Manifest.lock\" > /dev/null\nif [ $? != 0 ] ; then\n    # print error to STDERR\n    echo \"error: The sandbox is not in sync with the Podfile.lock. Run 'pod install' or update your CocoaPods installation.\" >&2\n    exit 1\nfi\n# This output is used by Xcode 'outputs' to avoid re-running this script phase.\necho \"SUCCESS\" > \"${SCRIPT_OUTPUT_FILE_0}\"\n";
			showEnvVarsInLog = 0;
		};
		61C7D06499065590287A5EC4 /* [CP] Check Pods Manifest.lock */ = {
			isa = PBXShellScriptBuildPhase;
			buildActionMask = 2147483647;
			files = (
			);
			inputFileListPaths = (
			);
			inputPaths = (
				"${PODS_PODFILE_DIR_PATH}/Podfile.lock",
				"${PODS_ROOT}/Manifest.lock",
			);
			name = "[CP] Check Pods Manifest.lock";
			outputFileListPaths = (
			);
			outputPaths = (
				"$(DERIVED_FILE_DIR)/Pods-TwitterLite-TwitterLiteUITests-checkManifestLockResult.txt",
			);
			runOnlyForDeploymentPostprocessing = 0;
			shellPath = /bin/sh;
			shellScript = "diff \"${PODS_PODFILE_DIR_PATH}/Podfile.lock\" \"${PODS_ROOT}/Manifest.lock\" > /dev/null\nif [ $? != 0 ] ; then\n    # print error to STDERR\n    echo \"error: The sandbox is not in sync with the Podfile.lock. Run 'pod install' or update your CocoaPods installation.\" >&2\n    exit 1\nfi\n# This output is used by Xcode 'outputs' to avoid re-running this script phase.\necho \"SUCCESS\" > \"${SCRIPT_OUTPUT_FILE_0}\"\n";
			showEnvVarsInLog = 0;
		};
		A8AD65F362F44CE3E93FF3B3 /* [CP] Embed Pods Frameworks */ = {
			isa = PBXShellScriptBuildPhase;
			buildActionMask = 2147483647;
			files = (
			);
			inputFileListPaths = (
				"${PODS_ROOT}/Target Support Files/Pods-TwitterLite/Pods-TwitterLite-frameworks-${CONFIGURATION}-input-files.xcfilelist",
			);
			name = "[CP] Embed Pods Frameworks";
			outputFileListPaths = (
				"${PODS_ROOT}/Target Support Files/Pods-TwitterLite/Pods-TwitterLite-frameworks-${CONFIGURATION}-output-files.xcfilelist",
			);
			runOnlyForDeploymentPostprocessing = 0;
			shellPath = /bin/sh;
			shellScript = "\"${PODS_ROOT}/Target Support Files/Pods-TwitterLite/Pods-TwitterLite-frameworks.sh\"\n";
			showEnvVarsInLog = 0;
		};
/* End PBXShellScriptBuildPhase section */

/* Begin PBXSourcesBuildPhase section */
		1FECC9A52864CF220056CCE7 /* Sources */ = {
			isa = PBXSourcesBuildPhase;
			buildActionMask = 2147483647;
			files = (
				1FB9287A2864E71E005967E3 /* BaseViewController.swift in Sources */,
				1F35531428762D5D00106AC7 /* UIDeviceExtension.swift in Sources */,
				1F083DD7286F694600B98D69 /* PhotoGalleryView.swift in Sources */,
				1F46CA8D28664A96005A0C79 /* BaseViewModel.swift in Sources */,
				1F669E40286883AF00BED673 /* FirebaseAuthenticationManager.swift in Sources */,
				1FA37EC42874C88900638AF5 /* UIAlertActionExtension.swift in Sources */,
				1F39F8C12873273300EB8B47 /* FirebaseDatabaseEndPoint.swift in Sources */,
				1FA4A69F286E35FF00F321D1 /* TextViewWithPlaceholder.swift in Sources */,
				1FB928812864F678005967E3 /* LoadableNib.swift in Sources */,
				1FB928752864E0A1005967E3 /* ReachabilityManager.swift in Sources */,
				1FB143B42870CE6D00A8C33F /* UITableViewExtension.swift in Sources */,
				1F083DDC286F6CEC00B98D69 /* PhotoFrameCollectionViewCell.swift in Sources */,
				1F281B6F286A268F0050365F /* FirebaseDatabaseManager.swift in Sources */,
				1F0FFC772870530600B54A00 /* BaseTweetModel.swift in Sources */,
				1F083DDF286F6EED00B98D69 /* UICollectionViewExtension.swift in Sources */,
				1F083DD1286E3EEB00B98D69 /* RingProgressView.swift in Sources */,
				1F45E9ED2868F16500F20C2D /* UIViewControllerExtension.swift in Sources */,
				1F669E422868973900BED673 /* HomeViewController.swift in Sources */,
				1F39F8BA28720EDB00EB8B47 /* PostTweetModel.swift in Sources */,
				1F755A752870D5BB00872636 /* TweetsTableViewCell.swift in Sources */,
				1F669E4C2868C7BD00BED673 /* CreateAccountViewController.swift in Sources */,
				1FECC9EA2864D1210056CCE7 /* AppDelegate.swift in Sources */,
				1F669E442868994300BED673 /* Utils.swift in Sources */,
				1F39F8BC28720EF100EB8B47 /* ViewTweetModel.swift in Sources */,
				1F0FFC7928705B7A00B54A00 /* ImageWrapper.swift in Sources */,
				1F9802E3286E19F000D870FB /* NewTweetViewController.swift in Sources */,
				1FECC9B12864CF220056CCE7 /* LoginViewController.swift in Sources */,
				1FA37EBD2874B4EB00638AF5 /* PhotoEndPoint.swift in Sources */,
				1FB928842864F764005967E3 /* NetworkStatusView.swift in Sources */,
				1F755A722870D06800872636 /* HomeViewModel.swift in Sources */,
				1FBE39B82869DA1000E2E233 /* SigninViewModel.swift in Sources */,
				1F083DD3286E4CFD00B98D69 /* NewTweetViewModel.swift in Sources */,
				1F39F8BE2872261400EB8B47 /* FloatingPointExtension.swift in Sources */,
				1F1C68622873529E00F348C2 /* TweetEndPoint.swift in Sources */,
				1F669E4A2868B75400BED673 /* LoginViewModel.swift in Sources */,
				1FBE39B62869D9F800E2E233 /* SigninViewController.swift in Sources */,
				1F45E9E92868E4DF00F20C2D /* ProfileView.swift in Sources */,
				1F447C95286B60130017EA9C /* DictionaryExtension.swift in Sources */,
				1FECC9EB2864D1210056CCE7 /* SceneDelegate.swift in Sources */,
				1FDD542328709AFD0001ABCD /* EncodableExtensions.swift in Sources */,
				1FBC74DE286783700086604B /* GoogleSignInManager.swift in Sources */,
				1F669E4E2868C7DC00BED673 /* CreateAccountViewModel.swift in Sources */,
				1F447C97286B604C0017EA9C /* ArrayExtension.swift in Sources */,
				1FB928892864F7A2005967E3 /* BaseView.swift in Sources */,
				1FA37EC22874C21400638AF5 /* FirebaseModel.swift in Sources */,
				1F0FFC75287032F000B54A00 /* RoundedButton.swift in Sources */,
				1F39F8B82871ECCB00EB8B47 /* DateExtension.swift in Sources */,
				1F669E3E2868810100BED673 /* UserModel.swift in Sources */,
				1F45E9EF2868F93300F20C2D /* StringExtension.swift in Sources */,
				1F1C686028733ACC00F348C2 /* UserEndPoint.swift in Sources */,
				1FB9287F2864F4B7005967E3 /* UIStoryboardExtension.swift in Sources */,
				1F084847286B783800ABC599 /* ActivityIndicatorView.swift in Sources */,
			);
			runOnlyForDeploymentPostprocessing = 0;
		};
		1FECC9BB2864CF250056CCE7 /* Sources */ = {
			isa = PBXSourcesBuildPhase;
			buildActionMask = 2147483647;
			files = (
				1FECC9C42864CF250056CCE7 /* TwitterLiteTests.swift in Sources */,
				1F6252BB28775B890010E581 /* NewTweetTests.swift in Sources */,
				1F6252B52877551C0010E581 /* CreateAccountTests.swift in Sources */,
				1F6252B9287756BF0010E581 /* HomeTests.swift in Sources */,
				1F6252B7287755F60010E581 /* SigninTests.swift in Sources */,
			);
			runOnlyForDeploymentPostprocessing = 0;
		};
		1FECC9C52864CF250056CCE7 /* Sources */ = {
			isa = PBXSourcesBuildPhase;
			buildActionMask = 2147483647;
			files = (
				1FECC9D02864CF250056CCE7 /* TwitterLiteUITestsLaunchTests.swift in Sources */,
				1FECC9CE2864CF250056CCE7 /* TwitterLiteUITests.swift in Sources */,
			);
			runOnlyForDeploymentPostprocessing = 0;
		};
/* End PBXSourcesBuildPhase section */

/* Begin PBXTargetDependency section */
		1FECC9C12864CF250056CCE7 /* PBXTargetDependency */ = {
			isa = PBXTargetDependency;
			target = 1FECC9A82864CF220056CCE7 /* TwitterLite */;
			targetProxy = 1FECC9C02864CF250056CCE7 /* PBXContainerItemProxy */;
		};
		1FECC9CB2864CF250056CCE7 /* PBXTargetDependency */ = {
			isa = PBXTargetDependency;
			target = 1FECC9A82864CF220056CCE7 /* TwitterLite */;
			targetProxy = 1FECC9CA2864CF250056CCE7 /* PBXContainerItemProxy */;
		};
/* End PBXTargetDependency section */

/* Begin PBXVariantGroup section */
		1FECC9DE2864D1210056CCE7 /* LaunchScreen.storyboard */ = {
			isa = PBXVariantGroup;
			children = (
				1FECC9DF2864D1210056CCE7 /* Base */,
			);
			name = LaunchScreen.storyboard;
			sourceTree = "<group>";
		};
		1FECC9E02864D1210056CCE7 /* Main.storyboard */ = {
			isa = PBXVariantGroup;
			children = (
				1FECC9E12864D1210056CCE7 /* Base */,
			);
			name = Main.storyboard;
			sourceTree = "<group>";
		};
/* End PBXVariantGroup section */

/* Begin XCBuildConfiguration section */
		1FECC9D12864CF250056CCE7 /* Debug */ = {
			isa = XCBuildConfiguration;
			buildSettings = {
				ALWAYS_SEARCH_USER_PATHS = NO;
				CLANG_ANALYZER_NONNULL = YES;
				CLANG_ANALYZER_NUMBER_OBJECT_CONVERSION = YES_AGGRESSIVE;
				CLANG_CXX_LANGUAGE_STANDARD = "gnu++17";
				CLANG_ENABLE_MODULES = YES;
				CLANG_ENABLE_OBJC_ARC = YES;
				CLANG_ENABLE_OBJC_WEAK = YES;
				CLANG_WARN_BLOCK_CAPTURE_AUTORELEASING = YES;
				CLANG_WARN_BOOL_CONVERSION = YES;
				CLANG_WARN_COMMA = YES;
				CLANG_WARN_CONSTANT_CONVERSION = YES;
				CLANG_WARN_DEPRECATED_OBJC_IMPLEMENTATIONS = YES;
				CLANG_WARN_DIRECT_OBJC_ISA_USAGE = YES_ERROR;
				CLANG_WARN_DOCUMENTATION_COMMENTS = YES;
				CLANG_WARN_EMPTY_BODY = YES;
				CLANG_WARN_ENUM_CONVERSION = YES;
				CLANG_WARN_INFINITE_RECURSION = YES;
				CLANG_WARN_INT_CONVERSION = YES;
				CLANG_WARN_NON_LITERAL_NULL_CONVERSION = YES;
				CLANG_WARN_OBJC_IMPLICIT_RETAIN_SELF = YES;
				CLANG_WARN_OBJC_LITERAL_CONVERSION = YES;
				CLANG_WARN_OBJC_ROOT_CLASS = YES_ERROR;
				CLANG_WARN_QUOTED_INCLUDE_IN_FRAMEWORK_HEADER = YES;
				CLANG_WARN_RANGE_LOOP_ANALYSIS = YES;
				CLANG_WARN_STRICT_PROTOTYPES = YES;
				CLANG_WARN_SUSPICIOUS_MOVE = YES;
				CLANG_WARN_UNGUARDED_AVAILABILITY = YES_AGGRESSIVE;
				CLANG_WARN_UNREACHABLE_CODE = YES;
				CLANG_WARN__DUPLICATE_METHOD_MATCH = YES;
				COPY_PHASE_STRIP = NO;
				DEBUG_INFORMATION_FORMAT = dwarf;
				ENABLE_STRICT_OBJC_MSGSEND = YES;
				ENABLE_TESTABILITY = YES;
				GCC_C_LANGUAGE_STANDARD = gnu11;
				GCC_DYNAMIC_NO_PIC = NO;
				GCC_NO_COMMON_BLOCKS = YES;
				GCC_OPTIMIZATION_LEVEL = 0;
				GCC_PREPROCESSOR_DEFINITIONS = (
					"DEBUG=1",
					"$(inherited)",
				);
				GCC_WARN_64_TO_32_BIT_CONVERSION = YES;
				GCC_WARN_ABOUT_RETURN_TYPE = YES_ERROR;
				GCC_WARN_UNDECLARED_SELECTOR = YES;
				GCC_WARN_UNINITIALIZED_AUTOS = YES_AGGRESSIVE;
				GCC_WARN_UNUSED_FUNCTION = YES;
				GCC_WARN_UNUSED_VARIABLE = YES;
				IPHONEOS_DEPLOYMENT_TARGET = 15.5;
				MTL_ENABLE_DEBUG_INFO = INCLUDE_SOURCE;
				MTL_FAST_MATH = YES;
				ONLY_ACTIVE_ARCH = YES;
				SDKROOT = iphoneos;
				SWIFT_ACTIVE_COMPILATION_CONDITIONS = DEBUG;
				SWIFT_OPTIMIZATION_LEVEL = "-Onone";
			};
			name = Debug;
		};
		1FECC9D22864CF250056CCE7 /* Release */ = {
			isa = XCBuildConfiguration;
			buildSettings = {
				ALWAYS_SEARCH_USER_PATHS = NO;
				CLANG_ANALYZER_NONNULL = YES;
				CLANG_ANALYZER_NUMBER_OBJECT_CONVERSION = YES_AGGRESSIVE;
				CLANG_CXX_LANGUAGE_STANDARD = "gnu++17";
				CLANG_ENABLE_MODULES = YES;
				CLANG_ENABLE_OBJC_ARC = YES;
				CLANG_ENABLE_OBJC_WEAK = YES;
				CLANG_WARN_BLOCK_CAPTURE_AUTORELEASING = YES;
				CLANG_WARN_BOOL_CONVERSION = YES;
				CLANG_WARN_COMMA = YES;
				CLANG_WARN_CONSTANT_CONVERSION = YES;
				CLANG_WARN_DEPRECATED_OBJC_IMPLEMENTATIONS = YES;
				CLANG_WARN_DIRECT_OBJC_ISA_USAGE = YES_ERROR;
				CLANG_WARN_DOCUMENTATION_COMMENTS = YES;
				CLANG_WARN_EMPTY_BODY = YES;
				CLANG_WARN_ENUM_CONVERSION = YES;
				CLANG_WARN_INFINITE_RECURSION = YES;
				CLANG_WARN_INT_CONVERSION = YES;
				CLANG_WARN_NON_LITERAL_NULL_CONVERSION = YES;
				CLANG_WARN_OBJC_IMPLICIT_RETAIN_SELF = YES;
				CLANG_WARN_OBJC_LITERAL_CONVERSION = YES;
				CLANG_WARN_OBJC_ROOT_CLASS = YES_ERROR;
				CLANG_WARN_QUOTED_INCLUDE_IN_FRAMEWORK_HEADER = YES;
				CLANG_WARN_RANGE_LOOP_ANALYSIS = YES;
				CLANG_WARN_STRICT_PROTOTYPES = YES;
				CLANG_WARN_SUSPICIOUS_MOVE = YES;
				CLANG_WARN_UNGUARDED_AVAILABILITY = YES_AGGRESSIVE;
				CLANG_WARN_UNREACHABLE_CODE = YES;
				CLANG_WARN__DUPLICATE_METHOD_MATCH = YES;
				COPY_PHASE_STRIP = NO;
				DEBUG_INFORMATION_FORMAT = "dwarf-with-dsym";
				ENABLE_NS_ASSERTIONS = NO;
				ENABLE_STRICT_OBJC_MSGSEND = YES;
				GCC_C_LANGUAGE_STANDARD = gnu11;
				GCC_NO_COMMON_BLOCKS = YES;
				GCC_WARN_64_TO_32_BIT_CONVERSION = YES;
				GCC_WARN_ABOUT_RETURN_TYPE = YES_ERROR;
				GCC_WARN_UNDECLARED_SELECTOR = YES;
				GCC_WARN_UNINITIALIZED_AUTOS = YES_AGGRESSIVE;
				GCC_WARN_UNUSED_FUNCTION = YES;
				GCC_WARN_UNUSED_VARIABLE = YES;
				IPHONEOS_DEPLOYMENT_TARGET = 15.5;
				MTL_ENABLE_DEBUG_INFO = NO;
				MTL_FAST_MATH = YES;
				SDKROOT = iphoneos;
				SWIFT_COMPILATION_MODE = wholemodule;
				SWIFT_OPTIMIZATION_LEVEL = "-O";
				VALIDATE_PRODUCT = YES;
			};
			name = Release;
		};
		1FECC9D42864CF250056CCE7 /* Debug */ = {
			isa = XCBuildConfiguration;
			baseConfigurationReference = BA3F5D1526610248CA009B19 /* Pods-TwitterLite.debug.xcconfig */;
			buildSettings = {
				ASSETCATALOG_COMPILER_APPICON_NAME = AppIcon;
				ASSETCATALOG_COMPILER_GLOBAL_ACCENT_COLOR_NAME = AccentColor;
				CODE_SIGN_STYLE = Automatic;
				CURRENT_PROJECT_VERSION = 1;
				DEVELOPMENT_TEAM = GR8XVNGUB7;
				GENERATE_INFOPLIST_FILE = YES;
				INFOPLIST_FILE = TwitterLite/Resources/Info.plist;
				INFOPLIST_KEY_NSCameraUsageDescription = "To take photos for Profile";
				INFOPLIST_KEY_NSPhotoLibraryUsageDescription = "To take photos for Profile";
				INFOPLIST_KEY_UIApplicationSupportsIndirectInputEvents = YES;
				INFOPLIST_KEY_UILaunchStoryboardName = LaunchScreen;
				INFOPLIST_KEY_UIMainStoryboardFile = Main;
				INFOPLIST_KEY_UISupportedInterfaceOrientations_iPad = "UIInterfaceOrientationPortrait UIInterfaceOrientationPortraitUpsideDown UIInterfaceOrientationLandscapeLeft UIInterfaceOrientationLandscapeRight";
				INFOPLIST_KEY_UISupportedInterfaceOrientations_iPhone = "UIInterfaceOrientationPortrait UIInterfaceOrientationLandscapeLeft UIInterfaceOrientationLandscapeRight";
				LD_RUNPATH_SEARCH_PATHS = (
					"$(inherited)",
					"@executable_path/Frameworks",
				);
				MARKETING_VERSION = 1.0;
				PRODUCT_BUNDLE_IDENTIFIER = CreativeAppz.TwitterLite;
				PRODUCT_NAME = "$(TARGET_NAME)";
				SWIFT_EMIT_LOC_STRINGS = YES;
				SWIFT_VERSION = 5.0;
				TARGETED_DEVICE_FAMILY = "1,2";
			};
			name = Debug;
		};
		1FECC9D52864CF250056CCE7 /* Release */ = {
			isa = XCBuildConfiguration;
			baseConfigurationReference = B3698D888143C0BDDB839E8A /* Pods-TwitterLite.release.xcconfig */;
			buildSettings = {
				ASSETCATALOG_COMPILER_APPICON_NAME = AppIcon;
				ASSETCATALOG_COMPILER_GLOBAL_ACCENT_COLOR_NAME = AccentColor;
				CODE_SIGN_STYLE = Automatic;
				CURRENT_PROJECT_VERSION = 1;
				DEVELOPMENT_TEAM = GR8XVNGUB7;
				GENERATE_INFOPLIST_FILE = YES;
				INFOPLIST_FILE = TwitterLite/Resources/Info.plist;
				INFOPLIST_KEY_NSCameraUsageDescription = "To take photos for Profile";
				INFOPLIST_KEY_NSPhotoLibraryUsageDescription = "To take photos for Profile";
				INFOPLIST_KEY_UIApplicationSupportsIndirectInputEvents = YES;
				INFOPLIST_KEY_UILaunchStoryboardName = LaunchScreen;
				INFOPLIST_KEY_UIMainStoryboardFile = Main;
				INFOPLIST_KEY_UISupportedInterfaceOrientations_iPad = "UIInterfaceOrientationPortrait UIInterfaceOrientationPortraitUpsideDown UIInterfaceOrientationLandscapeLeft UIInterfaceOrientationLandscapeRight";
				INFOPLIST_KEY_UISupportedInterfaceOrientations_iPhone = "UIInterfaceOrientationPortrait UIInterfaceOrientationLandscapeLeft UIInterfaceOrientationLandscapeRight";
				LD_RUNPATH_SEARCH_PATHS = (
					"$(inherited)",
					"@executable_path/Frameworks",
				);
				MARKETING_VERSION = 1.0;
				PRODUCT_BUNDLE_IDENTIFIER = CreativeAppz.TwitterLite;
				PRODUCT_NAME = "$(TARGET_NAME)";
				SWIFT_EMIT_LOC_STRINGS = YES;
				SWIFT_VERSION = 5.0;
				TARGETED_DEVICE_FAMILY = "1,2";
			};
			name = Release;
		};
		1FECC9D72864CF250056CCE7 /* Debug */ = {
			isa = XCBuildConfiguration;
			baseConfigurationReference = 140CE69C205E3CE5B827FAFC /* Pods-TwitterLiteTests.debug.xcconfig */;
			buildSettings = {
				BUNDLE_LOADER = "$(TEST_HOST)";
				CODE_SIGN_STYLE = Automatic;
				CURRENT_PROJECT_VERSION = 1;
				DEVELOPMENT_TEAM = GR8XVNGUB7;
				GENERATE_INFOPLIST_FILE = YES;
				IPHONEOS_DEPLOYMENT_TARGET = 15.5;
				MARKETING_VERSION = 1.0;
				PRODUCT_BUNDLE_IDENTIFIER = CreativeAppz.TwitterLiteTests;
				PRODUCT_NAME = "$(TARGET_NAME)";
				SWIFT_EMIT_LOC_STRINGS = NO;
				SWIFT_VERSION = 5.0;
				TARGETED_DEVICE_FAMILY = "1,2";
				TEST_HOST = "$(BUILT_PRODUCTS_DIR)/TwitterLite.app/TwitterLite";
			};
			name = Debug;
		};
		1FECC9D82864CF250056CCE7 /* Release */ = {
			isa = XCBuildConfiguration;
			baseConfigurationReference = 3937F97ADE8BB51781B50593 /* Pods-TwitterLiteTests.release.xcconfig */;
			buildSettings = {
				BUNDLE_LOADER = "$(TEST_HOST)";
				CODE_SIGN_STYLE = Automatic;
				CURRENT_PROJECT_VERSION = 1;
				DEVELOPMENT_TEAM = GR8XVNGUB7;
				GENERATE_INFOPLIST_FILE = YES;
				IPHONEOS_DEPLOYMENT_TARGET = 15.5;
				MARKETING_VERSION = 1.0;
				PRODUCT_BUNDLE_IDENTIFIER = CreativeAppz.TwitterLiteTests;
				PRODUCT_NAME = "$(TARGET_NAME)";
				SWIFT_EMIT_LOC_STRINGS = NO;
				SWIFT_VERSION = 5.0;
				TARGETED_DEVICE_FAMILY = "1,2";
				TEST_HOST = "$(BUILT_PRODUCTS_DIR)/TwitterLite.app/TwitterLite";
			};
			name = Release;
		};
		1FECC9DA2864CF250056CCE7 /* Debug */ = {
			isa = XCBuildConfiguration;
			baseConfigurationReference = 00B45B5E295604CABAC2D94D /* Pods-TwitterLite-TwitterLiteUITests.debug.xcconfig */;
			buildSettings = {
				CODE_SIGN_STYLE = Automatic;
				CURRENT_PROJECT_VERSION = 1;
				DEVELOPMENT_TEAM = GR8XVNGUB7;
				GENERATE_INFOPLIST_FILE = YES;
				MARKETING_VERSION = 1.0;
				PRODUCT_BUNDLE_IDENTIFIER = CreativeAppz.TwitterLiteUITests;
				PRODUCT_NAME = "$(TARGET_NAME)";
				SWIFT_EMIT_LOC_STRINGS = NO;
				SWIFT_VERSION = 5.0;
				TARGETED_DEVICE_FAMILY = "1,2";
				TEST_TARGET_NAME = TwitterLite;
			};
			name = Debug;
		};
		1FECC9DB2864CF250056CCE7 /* Release */ = {
			isa = XCBuildConfiguration;
			baseConfigurationReference = 011798CE33AA082C57521AEB /* Pods-TwitterLite-TwitterLiteUITests.release.xcconfig */;
			buildSettings = {
				CODE_SIGN_STYLE = Automatic;
				CURRENT_PROJECT_VERSION = 1;
				DEVELOPMENT_TEAM = GR8XVNGUB7;
				GENERATE_INFOPLIST_FILE = YES;
				MARKETING_VERSION = 1.0;
				PRODUCT_BUNDLE_IDENTIFIER = CreativeAppz.TwitterLiteUITests;
				PRODUCT_NAME = "$(TARGET_NAME)";
				SWIFT_EMIT_LOC_STRINGS = NO;
				SWIFT_VERSION = 5.0;
				TARGETED_DEVICE_FAMILY = "1,2";
				TEST_TARGET_NAME = TwitterLite;
			};
			name = Release;
		};
/* End XCBuildConfiguration section */

/* Begin XCConfigurationList section */
		1FECC9A42864CF220056CCE7 /* Build configuration list for PBXProject "TwitterLite" */ = {
			isa = XCConfigurationList;
			buildConfigurations = (
				1FECC9D12864CF250056CCE7 /* Debug */,
				1FECC9D22864CF250056CCE7 /* Release */,
			);
			defaultConfigurationIsVisible = 0;
			defaultConfigurationName = Release;
		};
		1FECC9D32864CF250056CCE7 /* Build configuration list for PBXNativeTarget "TwitterLite" */ = {
			isa = XCConfigurationList;
			buildConfigurations = (
				1FECC9D42864CF250056CCE7 /* Debug */,
				1FECC9D52864CF250056CCE7 /* Release */,
			);
			defaultConfigurationIsVisible = 0;
			defaultConfigurationName = Release;
		};
		1FECC9D62864CF250056CCE7 /* Build configuration list for PBXNativeTarget "TwitterLiteTests" */ = {
			isa = XCConfigurationList;
			buildConfigurations = (
				1FECC9D72864CF250056CCE7 /* Debug */,
				1FECC9D82864CF250056CCE7 /* Release */,
			);
			defaultConfigurationIsVisible = 0;
			defaultConfigurationName = Release;
		};
		1FECC9D92864CF250056CCE7 /* Build configuration list for PBXNativeTarget "TwitterLiteUITests" */ = {
			isa = XCConfigurationList;
			buildConfigurations = (
				1FECC9DA2864CF250056CCE7 /* Debug */,
				1FECC9DB2864CF250056CCE7 /* Release */,
			);
			defaultConfigurationIsVisible = 0;
			defaultConfigurationName = Release;
		};
/* End XCConfigurationList section */
	};
	rootObject = 1FECC9A12864CF220056CCE7 /* Project object */;
}
